Microsoft Visual Studio Solution File, Format Version 12.00
# Visual Studio 2012
Project("{FAE04EC0-301F-11D3-BF4B-00C04F79EFBC}") = "GGProd", "GGProd.csproj", "{2ADF7A49-44A6-404F-8BA3-84631E9399DC}"
EndProject
Global
	GlobalSection(SolutionConfigurationPlatforms) = preSolution
	Debug|Any CPU = Debug|Any CPU
	ExportDebug|Any CPU = ExportDebug|Any CPU
	ExportRelease|Any CPU = ExportRelease|Any CPU
	EndGlobalSection
	GlobalSection(ProjectConfigurationPlatforms) = postSolution
		{2ADF7A49-44A6-404F-8BA3-84631E9399DC}.Debug|Any CPU.ActiveCfg = Debug|Any CPU
		{2ADF7A49-44A6-404F-8BA3-84631E9399DC}.Debug|Any CPU.Build.0 = Debug|Any CPU
		{2ADF7A49-44A6-404F-8BA3-84631E9399DC}.ExportDebug|Any CPU.ActiveCfg = ExportDebug|Any CPU
		{2ADF7A49-44A6-404F-8BA3-84631E9399DC}.ExportDebug|Any CPU.Build.0 = ExportDebug|Any CPU
		{2ADF7A49-44A6-404F-8BA3-84631E9399DC}.ExportRelease|Any CPU.ActiveCfg = ExportRelease|Any CPU
		{2ADF7A49-44A6-404F-8BA3-84631E9399DC}.ExportRelease|Any CPU.Build.0 = ExportRelease|Any CPU
	EndGlobalSection
EndGlobal
